// !$*UTF8*$!
{
	archiveVersion = 1;
	classes = {
	};
	objectVersion = 56;
	objects = {

/* Begin PBXBuildFile section */
		0B3756E329CF40B500C2A22A /* main.c in Sources */ = {isa = PBXBuildFile; fileRef = 0B3756E229CF40B500C2A22A /* main.c */; };
		0B3756EE29CF675300C2A22A /* pieces.c in Sources */ = {isa = PBXBuildFile; fileRef = 0B3756ED29CF675300C2A22A /* pieces.c */; };
		0B3756F129CF842D00C2A22A /* calendrier.c in Sources */ = {isa = PBXBuildFile; fileRef = 0B3756F029CF842D00C2A22A /* calendrier.c */; };
/* End PBXBuildFile section */

/* Begin PBXCopyFilesBuildPhase section */
		0B3756DD29CF40B500C2A22A /* CopyFiles */ = {
			isa = PBXCopyFilesBuildPhase;
			buildActionMask = 2147483647;
			dstPath = /usr/share/man/man1/;
			dstSubfolderSpec = 0;
			files = (
			);
			runOnlyForDeploymentPostprocessing = 1;
		};
/* End PBXCopyFilesBuildPhase section */

/* Begin PBXFileReference section */
		0B36175929D6E0F200976221 /* main */ = {isa = PBXFileReference; lastKnownFileType = "compiled.mach-o.executable"; path = main; sourceTree = "<group>"; };
		0B3756DF29CF40B500C2A22A /* TPComplexite */ = {isa = PBXFileReference; explicitFileType = "compiled.mach-o.executable"; includeInIndex = 0; path = TPComplexite; sourceTree = BUILT_PRODUCTS_DIR; };
		0B3756E229CF40B500C2A22A /* main.c */ = {isa = PBXFileReference; lastKnownFileType = sourcecode.c.c; path = main.c; sourceTree = "<group>"; };
		0B3756EC29CF675300C2A22A /* pieces.h */ = {isa = PBXFileReference; lastKnownFileType = sourcecode.c.h; path = pieces.h; sourceTree = "<group>"; };
		0B3756ED29CF675300C2A22A /* pieces.c */ = {isa = PBXFileReference; lastKnownFileType = sourcecode.c.c; path = pieces.c; sourceTree = "<group>"; };
		0B3756EF29CF842D00C2A22A /* calendrier.h */ = {isa = PBXFileReference; lastKnownFileType = sourcecode.c.h; path = calendrier.h; sourceTree = "<group>"; };
		0B3756F029CF842D00C2A22A /* calendrier.c */ = {isa = PBXFileReference; lastKnownFileType = sourcecode.c.c; path = calendrier.c; sourceTree = "<group>"; };
/* End PBXFileReference section */

/* Begin PBXFrameworksBuildPhase section */
		0B3756DC29CF40B500C2A22A /* Frameworks */ = {
			isa = PBXFrameworksBuildPhase;
			buildActionMask = 2147483647;
			files = (
			);
			runOnlyForDeploymentPostprocessing = 0;
		};
/* End PBXFrameworksBuildPhase section */

/* Begin PBXGroup section */
		0B3756D629CF40B500C2A22A = {
			isa = PBXGroup;
			children = (
				0B3756E129CF40B500C2A22A /* TPComplexite */,
				0B3756E029CF40B500C2A22A /* Products */,
			);
			sourceTree = "<group>";
		};
		0B3756E029CF40B500C2A22A /* Products */ = {
			isa = PBXGroup;
			children = (
				0B3756DF29CF40B500C2A22A /* TPComplexite */,
			);
			name = Products;
			sourceTree = "<group>";
		};
		0B3756E129CF40B500C2A22A /* TPComplexite */ = {
			isa = PBXGroup;
			children = (
				0B36175929D6E0F200976221 /* main */,
				0B3756EF29CF842D00C2A22A /* calendrier.h */,
				0B3756F029CF842D00C2A22A /* calendrier.c */,
				0B3756EC29CF675300C2A22A /* pieces.h */,
				0B3756ED29CF675300C2A22A /* pieces.c */,
				0B3756E229CF40B500C2A22A /* main.c */,
			);
			path = TPComplexite;
			sourceTree = "<group>";
		};
/* End PBXGroup section */

/* Begin PBXNativeTarget section */
		0B3756DE29CF40B500C2A22A /* TPComplexite */ = {
			isa = PBXNativeTarget;
			buildConfigurationList = 0B3756E629CF40B500C2A22A /* Build configuration list for PBXNativeTarget "TPComplexite" */;
			buildPhases = (
				0B3756DB29CF40B500C2A22A /* Sources */,
				0B3756DC29CF40B500C2A22A /* Frameworks */,
				0B3756DD29CF40B500C2A22A /* CopyFiles */,
			);
			buildRules = (
			);
			dependencies = (
			);
			name = TPComplexite;
			productName = TPComplexite;
			productReference = 0B3756DF29CF40B500C2A22A /* TPComplexite */;
			productType = "com.apple.product-type.tool";
		};
/* End PBXNativeTarget section */

/* Begin PBXProject section */
		0B3756D729CF40B500C2A22A /* Project object */ = {
			isa = PBXProject;
			attributes = {
				BuildIndependentTargetsInParallel = 1;
				LastUpgradeCheck = 1420;
				TargetAttributes = {
					0B3756DE29CF40B500C2A22A = {
						CreatedOnToolsVersion = 14.2;
					};
				};
			};
			buildConfigurationList = 0B3756DA29CF40B500C2A22A /* Build configuration list for PBXProject "TPComplexite" */;
			compatibilityVersion = "Xcode 14.0";
			developmentRegion = en;
			hasScannedForEncodings = 0;
			knownRegions = (
				en,
				Base,
			);
			mainGroup = 0B3756D629CF40B500C2A22A;
			productRefGroup = 0B3756E029CF40B500C2A22A /* Products */;
			projectDirPath = "";
			projectRoot = "";
			targets = (
				0B3756DE29CF40B500C2A22A /* TPComplexite */,
			);
		};
/* End PBXProject section */

/* Begin PBXSourcesBuildPhase section */
		0B3756DB29CF40B500C2A22A /* Sources */ = {
			isa = PBXSourcesBuildPhase;
			buildActionMask = 2147483647;
			files = (
				0B3756EE29CF675300C2A22A /* pieces.c in Sources */,
				0B3756E329CF40B500C2A22A /* main.c in Sources */,
				0B3756F129CF842D00C2A22A /* calendrier.c in Sources */,
			);
			runOnlyForDeploymentPostprocessing = 0;
		};
/* End PBXSourcesBuildPhase section */

/* Begin XCBuildConfiguration section */
		0B3756E429CF40B500C2A22A /* Debug */ = {
			isa = XCBuildConfiguration;
			buildSettings = {
				ALWAYS_SEARCH_USER_PATHS = NO;
				CLANG_ANALYZER_NONNULL = YES;
				CLANG_ANALYZER_NUMBER_OBJECT_CONVERSION = YES_AGGRESSIVE;
				CLANG_CXX_LANGUAGE_STANDARD = "gnu++20";
				CLANG_ENABLE_MODULES = YES;
				CLANG_ENABLE_OBJC_ARC = YES;
				CLANG_ENABLE_OBJC_WEAK = YES;
				CLANG_WARN_BLOCK_CAPTURE_AUTORELEASING = YES;
				CLANG_WARN_BOOL_CONVERSION = YES;
				CLANG_WARN_COMMA = YES;
				CLANG_WARN_CONSTANT_CONVERSION = YES;
				CLANG_WARN_DEPRECATED_OBJC_IMPLEMENTATIONS = YES;
				CLANG_WARN_DIRECT_OBJC_ISA_USAGE = YES_ERROR;
				CLANG_WARN_DOCUMENTATION_COMMENTS = YES;
				CLANG_WARN_EMPTY_BODY = YES;
				CLANG_WARN_ENUM_CONVERSION = YES;
				CLANG_WARN_INFINITE_RECURSION = YES;
				CLANG_WARN_INT_CONVERSION = YES;
				CLANG_WARN_NON_LITERAL_NULL_CONVERSION = YES;
				CLANG_WARN_OBJC_IMPLICIT_RETAIN_SELF = YES;
				CLANG_WARN_OBJC_LITERAL_CONVERSION = YES;
				CLANG_WARN_OBJC_ROOT_CLASS = YES_ERROR;
				CLANG_WARN_QUOTED_INCLUDE_IN_FRAMEWORK_HEADER = YES;
				CLANG_WARN_RANGE_LOOP_ANALYSIS = YES;
				CLANG_WARN_STRICT_PROTOTYPES = YES;
				CLANG_WARN_SUSPICIOUS_MOVE = YES;
				CLANG_WARN_UNGUARDED_AVAILABILITY = YES_AGGRESSIVE;
				CLANG_WARN_UNREACHABLE_CODE = YES;
				CLANG_WARN__DUPLICATE_METHOD_MATCH = YES;
				COPY_PHASE_STRIP = NO;
				DEBUG_INFORMATION_FORMAT = dwarf;
				ENABLE_STRICT_OBJC_MSGSEND = YES;
				ENABLE_TESTABILITY = YES;
				GCC_C_LANGUAGE_STANDARD = gnu11;
				GCC_DYNAMIC_NO_PIC = NO;
				GCC_NO_COMMON_BLOCKS = YES;
				GCC_OPTIMIZATION_LEVEL = 0;
				GCC_PREPROCESSOR_DEFINITIONS = (
					"DEBUG=1",
					"$(inherited)",
				);
				GCC_WARN_64_TO_32_BIT_CONVERSION = YES;
				GCC_WARN_ABOUT_RETURN_TYPE = YES_ERROR;
				GCC_WARN_UNDECLARED_SELECTOR = YES;
				GCC_WARN_UNINITIALIZED_AUTOS = YES_AGGRESSIVE;
				GCC_WARN_UNUSED_FUNCTION = YES;
				GCC_WARN_UNUSED_VARIABLE = YES;
				MACOSX_DEPLOYMENT_TARGET = 13.1;
				MTL_ENABLE_DEBUG_INFO = INCLUDE_SOURCE;
				MTL_FAST_MATH = YES;
				ONLY_ACTIVE_ARCH = YES;
				SDKROOT = macosx;
			};
			name = Debug;
		};
		0B3756E529CF40B500C2A22A /* Release */ = {
			isa = XCBuildConfiguration;
			buildSettings = {
				ALWAYS_SEARCH_USER_PATHS = NO;
				CLANG_ANALYZER_NONNULL = YES;
				CLANG_ANALYZER_NUMBER_OBJECT_CONVERSION = YES_AGGRESSIVE;
				CLANG_CXX_LANGUAGE_STANDARD = "gnu++20";
				CLANG_ENABLE_MODULES = YES;
				CLANG_ENABLE_OBJC_ARC = YES;
				CLANG_ENABLE_OBJC_WEAK = YES;
				CLANG_WARN_BLOCK_CAPTURE_AUTORELEASING = YES;
				CLANG_WARN_BOOL_CONVERSION = YES;
				CLANG_WARN_COMMA = YES;
				CLANG_WARN_CONSTANT_CONVERSION = YES;
				CLANG_WARN_DEPRECATED_OBJC_IMPLEMENTATIONS = YES;
				CLANG_WARN_DIRECT_OBJC_ISA_USAGE = YES_ERROR;
				CLANG_WARN_DOCUMENTATION_COMMENTS = YES;
				CLANG_WARN_EMPTY_BODY = YES;
				CLANG_WARN_ENUM_CONVERSION = YES;
				CLANG_WARN_INFINITE_RECURSION = YES;
				CLANG_WARN_INT_CONVERSION = YES;
				CLANG_WARN_NON_LITERAL_NULL_CONVERSION = YES;
				CLANG_WARN_OBJC_IMPLICIT_RETAIN_SELF = YES;
				CLANG_WARN_OBJC_LITERAL_CONVERSION = YES;
				CLANG_WARN_OBJC_ROOT_CLASS = YES_ERROR;
				CLANG_WARN_QUOTED_INCLUDE_IN_FRAMEWORK_HEADER = YES;
				CLANG_WARN_RANGE_LOOP_ANALYSIS = YES;
				CLANG_WARN_STRICT_PROTOTYPES = YES;
				CLANG_WARN_SUSPICIOUS_MOVE = YES;
				CLANG_WARN_UNGUARDED_AVAILABILITY = YES_AGGRESSIVE;
				CLANG_WARN_UNREACHABLE_CODE = YES;
				CLANG_WARN__DUPLICATE_METHOD_MATCH = YES;
				COPY_PHASE_STRIP = NO;
				DEBUG_INFORMATION_FORMAT = "dwarf-with-dsym";
				ENABLE_NS_ASSERTIONS = NO;
				ENABLE_STRICT_OBJC_MSGSEND = YES;
				GCC_C_LANGUAGE_STANDARD = gnu11;
				GCC_NO_COMMON_BLOCKS = YES;
				GCC_WARN_64_TO_32_BIT_CONVERSION = YES;
				GCC_WARN_ABOUT_RETURN_TYPE = YES_ERROR;
				GCC_WARN_UNDECLARED_SELECTOR = YES;
				GCC_WARN_UNINITIALIZED_AUTOS = YES_AGGRESSIVE;
				GCC_WARN_UNUSED_FUNCTION = YES;
				GCC_WARN_UNUSED_VARIABLE = YES;
				MACOSX_DEPLOYMENT_TARGET = 13.1;
				MTL_ENABLE_DEBUG_INFO = NO;
				MTL_FAST_MATH = YES;
				SDKROOT = macosx;
			};
			name = Release;
		};
		0B3756E729CF40B500C2A22A /* Debug */ = {
			isa = XCBuildConfiguration;
			buildSettings = {
				CODE_SIGN_STYLE = Automatic;
				PRODUCT_NAME = "$(TARGET_NAME)";
			};
			name = Debug;
		};
		0B3756E829CF40B500C2A22A /* Release */ = {
			isa = XCBuildConfiguration;
			buildSettings = {
				CODE_SIGN_STYLE = Automatic;
				PRODUCT_NAME = "$(TARGET_NAME)";
			};
			name = Release;
		};
/* End XCBuildConfiguration section */

/* Begin XCConfigurationList section */
		0B3756DA29CF40B500C2A22A /* Build configuration list for PBXProject "TPComplexite" */ = {
			isa = XCConfigurationList;
			buildConfigurations = (
				0B3756E429CF40B500C2A22A /* Debug */,
				0B3756E529CF40B500C2A22A /* Release */,
			);
			defaultConfigurationIsVisible = 0;
			defaultConfigurationName = Release;
		};
		0B3756E629CF40B500C2A22A /* Build configuration list for PBXNativeTarget "TPComplexite" */ = {
			isa = XCConfigurationList;
			buildConfigurations = (
				0B3756E729CF40B500C2A22A /* Debug */,
				0B3756E829CF40B500C2A22A /* Release */,
			);
			defaultConfigurationIsVisible = 0;
			defaultConfigurationName = Release;
		};
/* End XCConfigurationList section */
	};
	rootObject = 0B3756D729CF40B500C2A22A /* Project object */;
}
